
Microsoft Visual Studio Solution File, Format Version 12.00
# Visual Studio Version 17
VisualStudioVersion = 17.10.35122.118
MinimumVisualStudioVersion = 10.0.40219.1
Project("{9A19103F-16F7-4668-BE54-9A1E7A4F7556}") = "MeuPrimeiroProjeto", "MeuPrimeiroProjeto\MeuPrimeiroProjeto.csproj", "{FC5F5425-185A-4200-83C9-9766FD6747C2}"
EndProject
Project("{9A19103F-16F7-4668-BE54-9A1E7A4F7556}") = "EstruturaDados", "EstruturaDados\EstruturaDados.csproj", "{76AC9631-224D-4EA1-96F8-07487996DA1B}"
EndProject
Project("{FAE04EC0-301F-11D3-BF4B-00C04F79EFBC}") = "File", "File\File.csproj", "{F6BFB378-7B2F-406C-A54B-15A69A88C98F}"
EndProject
Global
	GlobalSection(SolutionConfigurationPlatforms) = preSolution
		Debug|Any CPU = Debug|Any CPU
		Release|Any CPU = Release|Any CPU
	EndGlobalSection
	GlobalSection(ProjectConfigurationPlatforms) = postSolution
		{FC5F5425-185A-4200-83C9-9766FD6747C2}.Debug|Any CPU.ActiveCfg = Debug|Any CPU
		{FC5F5425-185A-4200-83C9-9766FD6747C2}.Debug|Any CPU.Build.0 = Debug|Any CPU
		{FC5F5425-185A-4200-83C9-9766FD6747C2}.Release|Any CPU.ActiveCfg = Release|Any CPU
		{FC5F5425-185A-4200-83C9-9766FD6747C2}.Release|Any CPU.Build.0 = Release|Any CPU
		{76AC9631-224D-4EA1-96F8-07487996DA1B}.Debug|Any CPU.ActiveCfg = Debug|Any CPU
		{76AC9631-224D-4EA1-96F8-07487996DA1B}.Debug|Any CPU.Build.0 = Debug|Any CPU
		{76AC9631-224D-4EA1-96F8-07487996DA1B}.Release|Any CPU.ActiveCfg = Release|Any CPU
		{76AC9631-224D-4EA1-96F8-07487996DA1B}.Release|Any CPU.Build.0 = Release|Any CPU
		{F6BFB378-7B2F-406C-A54B-15A69A88C98F}.Debug|Any CPU.ActiveCfg = Debug|Any CPU
		{F6BFB378-7B2F-406C-A54B-15A69A88C98F}.Debug|Any CPU.Build.0 = Debug|Any CPU
		{F6BFB378-7B2F-406C-A54B-15A69A88C98F}.Release|Any CPU.ActiveCfg = Release|Any CPU
		{F6BFB378-7B2F-406C-A54B-15A69A88C98F}.Release|Any CPU.Build.0 = Release|Any CPU
	EndGlobalSection
	GlobalSection(SolutionProperties) = preSolution
		HideSolutionNode = FALSE
	EndGlobalSection
	GlobalSection(ExtensibilityGlobals) = postSolution
		SolutionGuid = {394C0D2E-8AE3-4B93-9E4E-676BEE08EDA5}
	EndGlobalSection
EndGlobal
